
Microsoft Visual Studio Solution File, Format Version 12.00
# Visual Studio 15
VisualStudioVersion = 15.0.27130.2027
MinimumVisualStudioVersion = 10.0.40219.1
Project("{FAE04EC0-301F-11D3-BF4B-00C04F79EFBC}") = "DevicesSimulation", "DevicesSimulation\DevicesSimulation.csproj", "{63ABF3A7-8050-4F67-AF80-C667FF29434D}"
EndProject
Global
	GlobalSection(SolutionConfigurationPlatforms) = preSolution
		Debug|Any CPU = Debug|Any CPU
		Release|Any CPU = Release|Any CPU
	EndGlobalSection
	GlobalSection(ProjectConfigurationPlatforms) = postSolution
		{63ABF3A7-8050-4F67-AF80-C667FF29434D}.Debug|Any CPU.ActiveCfg = Debug|Any CPU
		{63ABF3A7-8050-4F67-AF80-C667FF29434D}.Debug|Any CPU.Build.0 = Debug|Any CPU
		{63ABF3A7-8050-4F67-AF80-C667FF29434D}.Release|Any CPU.ActiveCfg = Release|Any CPU
		{63ABF3A7-8050-4F67-AF80-C667FF29434D}.Release|Any CPU.Build.0 = Release|Any CPU
	EndGlobalSection
	GlobalSection(SolutionProperties) = preSolution
		HideSolutionNode = FALSE
	EndGlobalSection
	GlobalSection(ExtensibilityGlobals) = postSolution
		SolutionGuid = {D34625E2-BB4A-45AD-8E37-C00FEF4322CA}
	EndGlobalSection
EndGlobal
